
Microsoft Visual Studio Solution File, Format Version 12.00
# Visual Studio Version 16
VisualStudioVersion = 16.0.31702.278
MinimumVisualStudioVersion = 10.0.40219.1
Project("{FAE04EC0-301F-11D3-BF4B-00C04F79EFBC}") = "TYITools", "TYITools.csproj", "{5A871E9B-BD39-4815-8187-6C1FED16EEE6}"
EndProject
Global
	GlobalSection(SolutionConfigurationPlatforms) = preSolution
		Debug|Any CPU = Debug|Any CPU
		Release|Any CPU = Release|Any CPU
	EndGlobalSection
	GlobalSection(ProjectConfigurationPlatforms) = postSolution
		{5A871E9B-BD39-4815-8187-6C1FED16EEE6}.Debug|Any CPU.ActiveCfg = Debug|Any CPU
		{5A871E9B-BD39-4815-8187-6C1FED16EEE6}.Debug|Any CPU.Build.0 = Debug|Any CPU
		{5A871E9B-BD39-4815-8187-6C1FED16EEE6}.Release|Any CPU.ActiveCfg = Release|Any CPU
		{5A871E9B-BD39-4815-8187-6C1FED16EEE6}.Release|Any CPU.Build.0 = Release|Any CPU
	EndGlobalSection
	GlobalSection(SolutionProperties) = preSolution
		HideSolutionNode = FALSE
	EndGlobalSection
	GlobalSection(ExtensibilityGlobals) = postSolution
		SolutionGuid = {35273194-31DC-4041-BC2E-D98DFA885E2C}
	EndGlobalSection
EndGlobal
